
Microsoft Visual Studio Solution File, Format Version 12.00
# Visual Studio Version 17
VisualStudioVersion = 17.6.33815.320
MinimumVisualStudioVersion = 10.0.40219.1
Project("{FAE04EC0-301F-11D3-BF4B-00C04F79EFBC}") = "isrgr", "isrgr\isrgr.csproj", "{EAF96D8E-5D2F-4DA4-B1CC-F4C55A3D3215}"
EndProject
Global
	GlobalSection(SolutionConfigurationPlatforms) = preSolution
		Debug|Any CPU = Debug|Any CPU
		Release|Any CPU = Release|Any CPU
	EndGlobalSection
	GlobalSection(ProjectConfigurationPlatforms) = postSolution
		{EAF96D8E-5D2F-4DA4-B1CC-F4C55A3D3215}.Debug|Any CPU.ActiveCfg = Debug|Any CPU
		{EAF96D8E-5D2F-4DA4-B1CC-F4C55A3D3215}.Debug|Any CPU.Build.0 = Debug|Any CPU
		{EAF96D8E-5D2F-4DA4-B1CC-F4C55A3D3215}.Release|Any CPU.ActiveCfg = Release|Any CPU
		{EAF96D8E-5D2F-4DA4-B1CC-F4C55A3D3215}.Release|Any CPU.Build.0 = Release|Any CPU
	EndGlobalSection
	GlobalSection(SolutionProperties) = preSolution
		HideSolutionNode = FALSE
	EndGlobalSection
	GlobalSection(ExtensibilityGlobals) = postSolution
		SolutionGuid = {3CDAC293-B2D7-438C-9F15-FE538A657C32}
	EndGlobalSection
EndGlobal
